<Solution>
  <Folder Name="/src/">
    <Project Path="src/HyperVCsiAgent.Core/HyperVCsiAgent.Core.csproj" />
    <Project Path="src/HyperVCsiAgent.Service/HyperVCsiAgent.Service.csproj" />
  </Folder>
  <Folder Name="/tests/">
    <Project Path="tests/HyperVCsiAgent.Core.Tests/HyperVCsiAgent.Core.Tests.csproj" />
    <Project Path="tests/HyperVCsiAgent.Service.Tests/HyperVCsiAgent.Service.Tests.csproj" />
  </Folder>
  <Folder Name="/installer/">
    <Project Path="installer/HyperVCsiAgent.Installer.Actions/HyperVCsiAgent.Installer.Actions.csproj" />
    <Project Path="installer/HyperVCsiAgent.Installer.Actions.Tests/HyperVCsiAgent.Installer.Actions.Tests.csproj" />
    <Project Path="installer/HyperVCsiAgent.Installer/HyperVCsiAgent.Installer.wixproj" />
    <Project Path="installer/HyperVCsiAgent.Installer.Bootstrapper/HyperVCsiAgent.Installer.Bootstrapper.csproj" />
    <Project Path="installer/HyperVCsiAgent.Installer.Bundle/HyperVCsiAgent.Installer.Bundle.wixproj" />
  </Folder>
</Solution>
